
Microsoft Visual Studio Solution File, Format Version 12.00
# Visual Studio Version 16
VisualStudioVersion = 16.0.31624.102
MinimumVisualStudioVersion = 10.0.40219.1
Project("{9A19103F-16F7-4668-BE54-9A1E7A4F7556}") = "ControlFlow-Part2", "ControlFlow-Part2\ControlFlow-Part2.csproj", "{9BBA91A7-8B2A-462F-B29B-98771E6059CA}"
EndProject
Project("{9A19103F-16F7-4668-BE54-9A1E7A4F7556}") = "InstagramAgeValidation", "InstagramAgeValidation\InstagramAgeValidation.csproj", "{E721DBE7-25CE-4170-9E14-72E800B2C728}"
EndProject
Project("{FAE04EC0-301F-11D3-BF4B-00C04F79EFBC}") = "SwitchGrading", "SwitchGrading\SwitchGrading.csproj", "{673755E5-DFCE-4382-8F66-580B60ADC488}"
EndProject
Project("{FAE04EC0-301F-11D3-BF4B-00C04F79EFBC}") = "VowelsAndConsonants", "VowelsAndConsonants\VowelsAndConsonants.csproj", "{22E7A722-440D-49CE-9837-1B85326839DC}"
EndProject
Global
	GlobalSection(SolutionConfigurationPlatforms) = preSolution
		Debug|Any CPU = Debug|Any CPU
		Release|Any CPU = Release|Any CPU
	EndGlobalSection
	GlobalSection(ProjectConfigurationPlatforms) = postSolution
		{9BBA91A7-8B2A-462F-B29B-98771E6059CA}.Debug|Any CPU.ActiveCfg = Debug|Any CPU
		{9BBA91A7-8B2A-462F-B29B-98771E6059CA}.Debug|Any CPU.Build.0 = Debug|Any CPU
		{9BBA91A7-8B2A-462F-B29B-98771E6059CA}.Release|Any CPU.ActiveCfg = Release|Any CPU
		{9BBA91A7-8B2A-462F-B29B-98771E6059CA}.Release|Any CPU.Build.0 = Release|Any CPU
		{E721DBE7-25CE-4170-9E14-72E800B2C728}.Debug|Any CPU.ActiveCfg = Debug|Any CPU
		{E721DBE7-25CE-4170-9E14-72E800B2C728}.Debug|Any CPU.Build.0 = Debug|Any CPU
		{E721DBE7-25CE-4170-9E14-72E800B2C728}.Release|Any CPU.ActiveCfg = Release|Any CPU
		{E721DBE7-25CE-4170-9E14-72E800B2C728}.Release|Any CPU.Build.0 = Release|Any CPU
		{673755E5-DFCE-4382-8F66-580B60ADC488}.Debug|Any CPU.ActiveCfg = Debug|Any CPU
		{673755E5-DFCE-4382-8F66-580B60ADC488}.Debug|Any CPU.Build.0 = Debug|Any CPU
		{673755E5-DFCE-4382-8F66-580B60ADC488}.Release|Any CPU.ActiveCfg = Release|Any CPU
		{673755E5-DFCE-4382-8F66-580B60ADC488}.Release|Any CPU.Build.0 = Release|Any CPU
		{22E7A722-440D-49CE-9837-1B85326839DC}.Debug|Any CPU.ActiveCfg = Debug|Any CPU
		{22E7A722-440D-49CE-9837-1B85326839DC}.Debug|Any CPU.Build.0 = Debug|Any CPU
		{22E7A722-440D-49CE-9837-1B85326839DC}.Release|Any CPU.ActiveCfg = Release|Any CPU
		{22E7A722-440D-49CE-9837-1B85326839DC}.Release|Any CPU.Build.0 = Release|Any CPU
	EndGlobalSection
	GlobalSection(SolutionProperties) = preSolution
		HideSolutionNode = FALSE
	EndGlobalSection
	GlobalSection(ExtensibilityGlobals) = postSolution
		SolutionGuid = {AAEC60BA-A5AC-4621-A010-EC0CEE18B7DA}
	EndGlobalSection
EndGlobal
